schema: '2.0'
stages:
  train:
    cmd: python dvc_train.py
    deps:
    - path: data/iris.csv
      hash: md5
      md5: 2e81f32b6ee344529180f88bc1e2d853
      size: 4902
    - path: dvc_train.py
      hash: md5
      md5: 3b558b7bae43587af6b1e4304af51a38
      size: 1951
    - path: params.yaml
      hash: md5
      md5: 05a85d79bd44c29a5687fab7ce3b7911
      size: 210
    params:
      params.yaml:
        models:
          v1:
            n_estimators: 100
            max_depth:
            random_state: 42
          v2:
            n_estimators: 200
            max_depth: 5
            random_state: 42
        train:
          test_size: 0.2
          random_state: 42
          stratify_split: true
    outs:
    - path: metrics_v1.json
      hash: md5
      md5: dfdb72c22cca7ace59745c849ea74e0f
      size: 106
    - path: metrics_v2.json
      hash: md5
      md5: b5450a87b83e9f144a32a935a5b607b3
      size: 106
    - path: pipeline_models/random_forest_v1.pkl
      hash: md5
      md5: 9a0d8ff3cdce2252404de4fb52015a26
      size: 170657
    - path: pipeline_models/random_forest_v2.pkl
      hash: md5
      md5: c62bef039cf4ebd1a1eca9c514dc9347
      size: 321457
